
Microsoft Visual Studio Solution File, Format Version 12.00
# Visual Studio Version 17
VisualStudioVersion = 17.8.34330.188
MinimumVisualStudioVersion = 10.0.40219.1
Project("{8BC9CEB8-8B4A-11D0-8D11-00A0C91BC942}") = "DinoChrome1", "DinoChrome1.vcxproj", "{CDAD5E6D-F89F-4092-A83D-7E085D23BA4B}"
EndProject
Global
	GlobalSection(SolutionConfigurationPlatforms) = preSolution
		Debug|x64 = Debug|x64
		Debug|x86 = Debug|x86
		Release|x64 = Release|x64
		Release|x86 = Release|x86
	EndGlobalSection
	GlobalSection(ProjectConfigurationPlatforms) = postSolution
		{CDAD5E6D-F89F-4092-A83D-7E085D23BA4B}.Debug|x64.ActiveCfg = Debug|x64
		{CDAD5E6D-F89F-4092-A83D-7E085D23BA4B}.Debug|x64.Build.0 = Debug|x64
		{CDAD5E6D-F89F-4092-A83D-7E085D23BA4B}.Debug|x86.ActiveCfg = Debug|Win32
		{CDAD5E6D-F89F-4092-A83D-7E085D23BA4B}.Debug|x86.Build.0 = Debug|Win32
		{CDAD5E6D-F89F-4092-A83D-7E085D23BA4B}.Release|x64.ActiveCfg = Release|x64
		{CDAD5E6D-F89F-4092-A83D-7E085D23BA4B}.Release|x64.Build.0 = Release|x64
		{CDAD5E6D-F89F-4092-A83D-7E085D23BA4B}.Release|x86.ActiveCfg = Release|Win32
		{CDAD5E6D-F89F-4092-A83D-7E085D23BA4B}.Release|x86.Build.0 = Release|Win32
	EndGlobalSection
	GlobalSection(SolutionProperties) = preSolution
		HideSolutionNode = FALSE
	EndGlobalSection
	GlobalSection(ExtensibilityGlobals) = postSolution
		SolutionGuid = {D3B5BFCB-42A2-495F-95EE-BF95F2DA69C5}
	EndGlobalSection
EndGlobal
